
Microsoft Visual Studio Solution File, Format Version 12.00
# Visual Studio Version 16
VisualStudioVersion = 16.0.29001.49
MinimumVisualStudioVersion = 10.0.40219.1
Project("{9A19103F-16F7-4668-BE54-9A1E7A4F7556}") = "Worker", "Worker.csproj", "{0DB63F01-7996-4AD6-B4BF-B151402ADFC4}"
EndProject
Global
	GlobalSection(SolutionConfigurationPlatforms) = preSolution
		Debug|Any CPU = Debug|Any CPU
		Release|Any CPU = Release|Any CPU
	EndGlobalSection
	GlobalSection(ProjectConfigurationPlatforms) = postSolution
		{0DB63F01-7996-4AD6-B4BF-B151402ADFC4}.Debug|Any CPU.ActiveCfg = Debug|Any CPU
		{0DB63F01-7996-4AD6-B4BF-B151402ADFC4}.Debug|Any CPU.Build.0 = Debug|Any CPU
		{0DB63F01-7996-4AD6-B4BF-B151402ADFC4}.Release|Any CPU.ActiveCfg = Release|Any CPU
		{0DB63F01-7996-4AD6-B4BF-B151402ADFC4}.Release|Any CPU.Build.0 = Release|Any CPU
	EndGlobalSection
	GlobalSection(SolutionProperties) = preSolution
		HideSolutionNode = FALSE
	EndGlobalSection
	GlobalSection(ExtensibilityGlobals) = postSolution
		SolutionGuid = {B7D6DDF8-E395-4D84-AA45-8B6360C0C1F6}
	EndGlobalSection
EndGlobal
